
Microsoft Visual Studio Solution File, Format Version 12.00
# Visual Studio Version 17
VisualStudioVersion = 17.14.36221.1
MinimumVisualStudioVersion = 10.0.40219.1
Project("{FAE04EC0-301F-11D3-BF4B-00C04F79EFBC}") = "OllamaHub", "client-wpf\OllamaHub\OllamaHub.csproj", "{AB0CFB89-1BEB-97B9-18D6-428E585FEDB0}"
EndProject
Project("{FAE04EC0-301F-11D3-BF4B-00C04F79EFBC}") = "OllamaHub.Main", "client-wpf\OllamaHub.Main\OllamaHub.Main.csproj", "{9600DDE8-A452-2E7D-C30B-17F3402727D3}"
EndProject
Project("{FAE04EC0-301F-11D3-BF4B-00C04F79EFBC}") = "OllamaHub.Support", "client-wpf\OllamaHub.Support\OllamaHub.Support.csproj", "{94E02CA6-4496-878D-F6C2-B8AEAF9D4F9C}"
EndProject
Global
	GlobalSection(SolutionConfigurationPlatforms) = preSolution
		Debug|Any CPU = Debug|Any CPU
		Release|Any CPU = Release|Any CPU
	EndGlobalSection
	GlobalSection(ProjectConfigurationPlatforms) = postSolution
		{AB0CFB89-1BEB-97B9-18D6-428E585FEDB0}.Debug|Any CPU.ActiveCfg = Debug|Any CPU
		{AB0CFB89-1BEB-97B9-18D6-428E585FEDB0}.Debug|Any CPU.Build.0 = Debug|Any CPU
		{AB0CFB89-1BEB-97B9-18D6-428E585FEDB0}.Release|Any CPU.ActiveCfg = Release|Any CPU
		{AB0CFB89-1BEB-97B9-18D6-428E585FEDB0}.Release|Any CPU.Build.0 = Release|Any CPU
		{9600DDE8-A452-2E7D-C30B-17F3402727D3}.Debug|Any CPU.ActiveCfg = Debug|Any CPU
		{9600DDE8-A452-2E7D-C30B-17F3402727D3}.Debug|Any CPU.Build.0 = Debug|Any CPU
		{9600DDE8-A452-2E7D-C30B-17F3402727D3}.Release|Any CPU.ActiveCfg = Release|Any CPU
		{9600DDE8-A452-2E7D-C30B-17F3402727D3}.Release|Any CPU.Build.0 = Release|Any CPU
		{94E02CA6-4496-878D-F6C2-B8AEAF9D4F9C}.Debug|Any CPU.ActiveCfg = Debug|Any CPU
		{94E02CA6-4496-878D-F6C2-B8AEAF9D4F9C}.Debug|Any CPU.Build.0 = Debug|Any CPU
		{94E02CA6-4496-878D-F6C2-B8AEAF9D4F9C}.Release|Any CPU.ActiveCfg = Release|Any CPU
		{94E02CA6-4496-878D-F6C2-B8AEAF9D4F9C}.Release|Any CPU.Build.0 = Release|Any CPU
	EndGlobalSection
	GlobalSection(SolutionProperties) = preSolution
		HideSolutionNode = FALSE
	EndGlobalSection
	GlobalSection(ExtensibilityGlobals) = postSolution
		SolutionGuid = {E5FEB065-1766-4791-B8A6-3467CA24D472}
	EndGlobalSection
EndGlobal
